
Microsoft Visual Studio Solution File, Format Version 12.00
# Visual Studio 2012
Project("{FAE04EC0-301F-11D3-BF4B-00C04F79EFBC}") = "WpfThreeStrikes", "WpfThreeStrikes\WpfThreeStrikes.csproj", "{18A66C89-80F9-401B-A42C-96ED3F04FF97}"
EndProject
Global
	GlobalSection(SolutionConfigurationPlatforms) = preSolution
		Debug|Any CPU = Debug|Any CPU
		Release|Any CPU = Release|Any CPU
	EndGlobalSection
	GlobalSection(ProjectConfigurationPlatforms) = postSolution
		{18A66C89-80F9-401B-A42C-96ED3F04FF97}.Debug|Any CPU.ActiveCfg = Debug|Any CPU
		{18A66C89-80F9-401B-A42C-96ED3F04FF97}.Debug|Any CPU.Build.0 = Debug|Any CPU
		{18A66C89-80F9-401B-A42C-96ED3F04FF97}.Release|Any CPU.ActiveCfg = Release|Any CPU
		{18A66C89-80F9-401B-A42C-96ED3F04FF97}.Release|Any CPU.Build.0 = Release|Any CPU
	EndGlobalSection
	GlobalSection(SolutionProperties) = preSolution
		HideSolutionNode = FALSE
	EndGlobalSection
EndGlobal
